
Microsoft Visual Studio Solution File, Format Version 12.00
# Visual Studio Version 17
VisualStudioVersion = 17.3.32929.385
MinimumVisualStudioVersion = 10.0.40219.1
Project("{FAE04EC0-301F-11D3-BF4B-00C04F79EFBC}") = "CityInfo.API", "CityInfo.API\CityInfo.API.csproj", "{DDD8738B-3418-487C-806A-13514742E3BF}"
EndProject
Global
	GlobalSection(SolutionConfigurationPlatforms) = preSolution
		Debug|Any CPU = Debug|Any CPU
		Release|Any CPU = Release|Any CPU
	EndGlobalSection
	GlobalSection(ProjectConfigurationPlatforms) = postSolution
		{DDD8738B-3418-487C-806A-13514742E3BF}.Debug|Any CPU.ActiveCfg = Debug|Any CPU
		{DDD8738B-3418-487C-806A-13514742E3BF}.Debug|Any CPU.Build.0 = Debug|Any CPU
		{DDD8738B-3418-487C-806A-13514742E3BF}.Release|Any CPU.ActiveCfg = Release|Any CPU
		{DDD8738B-3418-487C-806A-13514742E3BF}.Release|Any CPU.Build.0 = Release|Any CPU
	EndGlobalSection
	GlobalSection(SolutionProperties) = preSolution
		HideSolutionNode = FALSE
	EndGlobalSection
	GlobalSection(ExtensibilityGlobals) = postSolution
		SolutionGuid = {E1D164FE-0684-4B4E-93D2-D265DE82C5CE}
	EndGlobalSection
EndGlobal
